
Microsoft Visual Studio Solution File, Format Version 12.00
# Visual Studio 15
VisualStudioVersion = 15.0.27703.2042
MinimumVisualStudioVersion = 10.0.40219.1
Project("{FAE04EC0-301F-11D3-BF4B-00C04F79EFBC}") = "ChattrServer", "ChattrServer\ChattrServer.csproj", "{8FD6CE2B-00A5-4ED6-9D2A-87D34EF492BB}"
EndProject
Project("{FAE04EC0-301F-11D3-BF4B-00C04F79EFBC}") = "ChattrClient", "ChattrClient\ChattrClient.csproj", "{61A00F44-DEAC-4E03-8DC1-07F9A1B7AA01}"
EndProject
Global
	GlobalSection(SolutionConfigurationPlatforms) = preSolution
		Debug|Any CPU = Debug|Any CPU
		Release|Any CPU = Release|Any CPU
	EndGlobalSection
	GlobalSection(ProjectConfigurationPlatforms) = postSolution
		{8FD6CE2B-00A5-4ED6-9D2A-87D34EF492BB}.Debug|Any CPU.ActiveCfg = Debug|Any CPU
		{8FD6CE2B-00A5-4ED6-9D2A-87D34EF492BB}.Debug|Any CPU.Build.0 = Debug|Any CPU
		{8FD6CE2B-00A5-4ED6-9D2A-87D34EF492BB}.Release|Any CPU.ActiveCfg = Release|Any CPU
		{8FD6CE2B-00A5-4ED6-9D2A-87D34EF492BB}.Release|Any CPU.Build.0 = Release|Any CPU
		{61A00F44-DEAC-4E03-8DC1-07F9A1B7AA01}.Debug|Any CPU.ActiveCfg = Debug|Any CPU
		{61A00F44-DEAC-4E03-8DC1-07F9A1B7AA01}.Debug|Any CPU.Build.0 = Debug|Any CPU
		{61A00F44-DEAC-4E03-8DC1-07F9A1B7AA01}.Release|Any CPU.ActiveCfg = Release|Any CPU
		{61A00F44-DEAC-4E03-8DC1-07F9A1B7AA01}.Release|Any CPU.Build.0 = Release|Any CPU
	EndGlobalSection
	GlobalSection(SolutionProperties) = preSolution
		HideSolutionNode = FALSE
	EndGlobalSection
	GlobalSection(ExtensibilityGlobals) = postSolution
		SolutionGuid = {979F9026-F8E0-40F4-B844-32C5A646CF7A}
	EndGlobalSection
EndGlobal
